
Microsoft Visual Studio Solution File, Format Version 12.00
# Visual Studio Version 16
VisualStudioVersion = 16.0.32901.82
MinimumVisualStudioVersion = 10.0.40219.1
Project("{FAE04EC0-301F-11D3-BF4B-00C04F79EFBC}") = "Deafen", "Deafen.csproj", "{688F2DEA-28C3-46A3-86B7-9D81F41A8E38}"
EndProject
Global
	GlobalSection(SolutionConfigurationPlatforms) = preSolution
		Debug|Any CPU = Debug|Any CPU
		Release|Any CPU = Release|Any CPU
	EndGlobalSection
	GlobalSection(ProjectConfigurationPlatforms) = postSolution
		{688F2DEA-28C3-46A3-86B7-9D81F41A8E38}.Debug|Any CPU.ActiveCfg = Debug|Any CPU
		{688F2DEA-28C3-46A3-86B7-9D81F41A8E38}.Debug|Any CPU.Build.0 = Debug|Any CPU
		{688F2DEA-28C3-46A3-86B7-9D81F41A8E38}.Release|Any CPU.ActiveCfg = Release|Any CPU
		{688F2DEA-28C3-46A3-86B7-9D81F41A8E38}.Release|Any CPU.Build.0 = Release|Any CPU
	EndGlobalSection
	GlobalSection(SolutionProperties) = preSolution
		HideSolutionNode = FALSE
	EndGlobalSection
	GlobalSection(ExtensibilityGlobals) = postSolution
		SolutionGuid = {F7CAF5CD-319F-471F-B43A-2A9387FA1353}
	EndGlobalSection
EndGlobal
